{
    "name": "@forwarder1121/pdf2docx-mcp",
    "version": "1.0.0",
    "lockfileVersion": 3,
    "requires": true,
    "packages": {
        "": {
            "name": "@forwarder1121/pdf2docx-mcp",
            "version": "1.0.0",
            "license": "ISC",
            "bin": {
                "pdf2docx-mcp": "bin/run-server.js"
            },
            "engines": {
                "node": ">=14"
            }
        }
    }
}
